
Microsoft Visual Studio Solution File, Format Version 12.00
# Visual Studio 15
VisualStudioVersion = 15.0.28307.421
MinimumVisualStudioVersion = 10.0.40219.1
Project("{FAE04EC0-301F-11D3-BF4B-00C04F79EFBC}") = "RoundRobinSO", "RoundRobinSO\RoundRobinSO.csproj", "{D3258BE6-92C8-4610-8ACF-ADE8D859C3E2}"
EndProject
Global
	GlobalSection(SolutionConfigurationPlatforms) = preSolution
		Debug|Any CPU = Debug|Any CPU
		Release|Any CPU = Release|Any CPU
	EndGlobalSection
	GlobalSection(ProjectConfigurationPlatforms) = postSolution
		{D3258BE6-92C8-4610-8ACF-ADE8D859C3E2}.Debug|Any CPU.ActiveCfg = Debug|Any CPU
		{D3258BE6-92C8-4610-8ACF-ADE8D859C3E2}.Debug|Any CPU.Build.0 = Debug|Any CPU
		{D3258BE6-92C8-4610-8ACF-ADE8D859C3E2}.Release|Any CPU.ActiveCfg = Release|Any CPU
		{D3258BE6-92C8-4610-8ACF-ADE8D859C3E2}.Release|Any CPU.Build.0 = Release|Any CPU
	EndGlobalSection
	GlobalSection(SolutionProperties) = preSolution
		HideSolutionNode = FALSE
	EndGlobalSection
	GlobalSection(ExtensibilityGlobals) = postSolution
		SolutionGuid = {D9277665-BC70-4EC6-A256-6AFFF32D0625}
	EndGlobalSection
EndGlobal
